
Microsoft Visual Studio Solution File, Format Version 12.00
# Visual Studio Version 16
VisualStudioVersion = 16.0.29519.87
MinimumVisualStudioVersion = 10.0.40219.1
Project("{9A19103F-16F7-4668-BE54-9A1E7A4F7556}") = "LearnDocker.API", "LearnDocker\LearnDocker.API.csproj", "{09B6CB71-9F24-42C6-BF1F-9FBF0745AE83}"
EndProject
Project("{FAE04EC0-301F-11D3-BF4B-00C04F79EFBC}") = "LearnDocker.Data", "LearnDocker.Data\LearnDocker.Data.csproj", "{CC7CDDAA-CA53-4D61-8265-91A4023A7C61}"
EndProject
Project("{FAE04EC0-301F-11D3-BF4B-00C04F79EFBC}") = "LearnDocker.Business", "LearnDocker.Business\LearnDocker.Business.csproj", "{8051F34E-FB7A-4DFA-A9C3-C2CECDB1533F}"
EndProject
Global
	GlobalSection(SolutionConfigurationPlatforms) = preSolution
		Debug|Any CPU = Debug|Any CPU
		Release|Any CPU = Release|Any CPU
	EndGlobalSection
	GlobalSection(ProjectConfigurationPlatforms) = postSolution
		{09B6CB71-9F24-42C6-BF1F-9FBF0745AE83}.Debug|Any CPU.ActiveCfg = Debug|Any CPU
		{09B6CB71-9F24-42C6-BF1F-9FBF0745AE83}.Debug|Any CPU.Build.0 = Debug|Any CPU
		{09B6CB71-9F24-42C6-BF1F-9FBF0745AE83}.Release|Any CPU.ActiveCfg = Release|Any CPU
		{09B6CB71-9F24-42C6-BF1F-9FBF0745AE83}.Release|Any CPU.Build.0 = Release|Any CPU
		{CC7CDDAA-CA53-4D61-8265-91A4023A7C61}.Debug|Any CPU.ActiveCfg = Debug|Any CPU
		{CC7CDDAA-CA53-4D61-8265-91A4023A7C61}.Debug|Any CPU.Build.0 = Debug|Any CPU
		{CC7CDDAA-CA53-4D61-8265-91A4023A7C61}.Release|Any CPU.ActiveCfg = Release|Any CPU
		{CC7CDDAA-CA53-4D61-8265-91A4023A7C61}.Release|Any CPU.Build.0 = Release|Any CPU
		{8051F34E-FB7A-4DFA-A9C3-C2CECDB1533F}.Debug|Any CPU.ActiveCfg = Debug|Any CPU
		{8051F34E-FB7A-4DFA-A9C3-C2CECDB1533F}.Debug|Any CPU.Build.0 = Debug|Any CPU
		{8051F34E-FB7A-4DFA-A9C3-C2CECDB1533F}.Release|Any CPU.ActiveCfg = Release|Any CPU
		{8051F34E-FB7A-4DFA-A9C3-C2CECDB1533F}.Release|Any CPU.Build.0 = Release|Any CPU
	EndGlobalSection
	GlobalSection(SolutionProperties) = preSolution
		HideSolutionNode = FALSE
	EndGlobalSection
	GlobalSection(ExtensibilityGlobals) = postSolution
		SolutionGuid = {63782376-29FD-41B5-85FB-4EEF76E6986C}
	EndGlobalSection
EndGlobal
